
Microsoft Visual Studio Solution File, Format Version 12.00
# Visual Studio Version 16
VisualStudioVersion = 16.0.32901.82
MinimumVisualStudioVersion = 10.0.40219.1
Project("{FAE04EC0-301F-11D3-BF4B-00C04F79EFBC}") = "Predicate", "Predicate\Predicate.csproj", "{28AEF4D5-44F0-4BCF-AD63-8B0F22C45F32}"
EndProject
Global
	GlobalSection(SolutionConfigurationPlatforms) = preSolution
		Debug|Any CPU = Debug|Any CPU
		Release|Any CPU = Release|Any CPU
	EndGlobalSection
	GlobalSection(ProjectConfigurationPlatforms) = postSolution
		{28AEF4D5-44F0-4BCF-AD63-8B0F22C45F32}.Debug|Any CPU.ActiveCfg = Debug|Any CPU
		{28AEF4D5-44F0-4BCF-AD63-8B0F22C45F32}.Debug|Any CPU.Build.0 = Debug|Any CPU
		{28AEF4D5-44F0-4BCF-AD63-8B0F22C45F32}.Release|Any CPU.ActiveCfg = Release|Any CPU
		{28AEF4D5-44F0-4BCF-AD63-8B0F22C45F32}.Release|Any CPU.Build.0 = Release|Any CPU
	EndGlobalSection
	GlobalSection(SolutionProperties) = preSolution
		HideSolutionNode = FALSE
	EndGlobalSection
	GlobalSection(ExtensibilityGlobals) = postSolution
		SolutionGuid = {62A571F6-9A42-438C-BC73-08DF41165E9D}
	EndGlobalSection
EndGlobal
